
Microsoft Visual Studio Solution File, Format Version 12.00
# Visual Studio Version 17
VisualStudioVersion = 17.5.33627.172
MinimumVisualStudioVersion = 10.0.40219.1
Project("{FAE04EC0-301F-11D3-BF4B-00C04F79EFBC}") = "Entities", "Entities\Entities.csproj", "{14DC986C-1F5B-4883-907A-BFBB1F1E89A4}"
EndProject
Project("{FAE04EC0-301F-11D3-BF4B-00C04F79EFBC}") = "DataAccess", "DataAccess\DataAccess.csproj", "{7C2ABFE6-2F55-47BD-99CD-6472638EC439}"
EndProject
Project("{FAE04EC0-301F-11D3-BF4B-00C04F79EFBC}") = "Business", "Business\Business.csproj", "{7099B679-6A39-4137-BFF8-58D1CC061A50}"
EndProject
Project("{FAE04EC0-301F-11D3-BF4B-00C04F79EFBC}") = "ConsoleUI", "ConsoleUI\ConsoleUI.csproj", "{297DDD8A-42EF-4B3F-9FDB-C5DBA3F4EEBA}"
EndProject
Global
	GlobalSection(SolutionConfigurationPlatforms) = preSolution
		Debug|Any CPU = Debug|Any CPU
		Release|Any CPU = Release|Any CPU
	EndGlobalSection
	GlobalSection(ProjectConfigurationPlatforms) = postSolution
		{14DC986C-1F5B-4883-907A-BFBB1F1E89A4}.Debug|Any CPU.ActiveCfg = Debug|Any CPU
		{14DC986C-1F5B-4883-907A-BFBB1F1E89A4}.Debug|Any CPU.Build.0 = Debug|Any CPU
		{14DC986C-1F5B-4883-907A-BFBB1F1E89A4}.Release|Any CPU.ActiveCfg = Release|Any CPU
		{14DC986C-1F5B-4883-907A-BFBB1F1E89A4}.Release|Any CPU.Build.0 = Release|Any CPU
		{7C2ABFE6-2F55-47BD-99CD-6472638EC439}.Debug|Any CPU.ActiveCfg = Debug|Any CPU
		{7C2ABFE6-2F55-47BD-99CD-6472638EC439}.Debug|Any CPU.Build.0 = Debug|Any CPU
		{7C2ABFE6-2F55-47BD-99CD-6472638EC439}.Release|Any CPU.ActiveCfg = Release|Any CPU
		{7C2ABFE6-2F55-47BD-99CD-6472638EC439}.Release|Any CPU.Build.0 = Release|Any CPU
		{7099B679-6A39-4137-BFF8-58D1CC061A50}.Debug|Any CPU.ActiveCfg = Debug|Any CPU
		{7099B679-6A39-4137-BFF8-58D1CC061A50}.Debug|Any CPU.Build.0 = Debug|Any CPU
		{7099B679-6A39-4137-BFF8-58D1CC061A50}.Release|Any CPU.ActiveCfg = Release|Any CPU
		{7099B679-6A39-4137-BFF8-58D1CC061A50}.Release|Any CPU.Build.0 = Release|Any CPU
		{297DDD8A-42EF-4B3F-9FDB-C5DBA3F4EEBA}.Debug|Any CPU.ActiveCfg = Debug|Any CPU
		{297DDD8A-42EF-4B3F-9FDB-C5DBA3F4EEBA}.Debug|Any CPU.Build.0 = Debug|Any CPU
		{297DDD8A-42EF-4B3F-9FDB-C5DBA3F4EEBA}.Release|Any CPU.ActiveCfg = Release|Any CPU
		{297DDD8A-42EF-4B3F-9FDB-C5DBA3F4EEBA}.Release|Any CPU.Build.0 = Release|Any CPU
	EndGlobalSection
	GlobalSection(SolutionProperties) = preSolution
		HideSolutionNode = FALSE
	EndGlobalSection
	GlobalSection(ExtensibilityGlobals) = postSolution
		SolutionGuid = {5B722496-CAD2-40A8-8847-4540C76FEBDE}
	EndGlobalSection
EndGlobal
